{
  "requires": true,
  "lockfileVersion": 1,
  "dependencies": {
    "create-next-app": {
      "version": "10.0.7",
      "resolved": "https://registry.npmjs.org/create-next-app/-/create-next-app-10.0.7.tgz",
      "integrity": "sha512-Ahzkx5lB5ARUw/fVk81LtsL+hxHKieKEHj73GMnI1ogNvrLCX2ByPvIwF3FC3IcykdosUXBM997M0SxraXskfg=="
    }
  }
}
